
Microsoft Visual Studio Solution File, Format Version 12.00
# Visual Studio Version 17
VisualStudioVersion = 17.6.33723.286
MinimumVisualStudioVersion = 10.0.40219.1
Project("{FAE04EC0-301F-11D3-BF4B-00C04F79EFBC}") = "NeuralNetLib", "NeuralNetLib\NeuralNetLib.csproj", "{28A0D2C5-705F-44BB-A40E-6EAC6BE7017C}"
EndProject
Project("{FAE04EC0-301F-11D3-BF4B-00C04F79EFBC}") = "NeuralNetApp", "NeuralNetApp\NeuralNetApp.csproj", "{8D7C981F-A032-4C91-9C63-1A5594F286B8}"
EndProject
Global
	GlobalSection(SolutionConfigurationPlatforms) = preSolution
		Debug|Any CPU = Debug|Any CPU
		Release|Any CPU = Release|Any CPU
	EndGlobalSection
	GlobalSection(ProjectConfigurationPlatforms) = postSolution
		{28A0D2C5-705F-44BB-A40E-6EAC6BE7017C}.Debug|Any CPU.ActiveCfg = Debug|Any CPU
		{28A0D2C5-705F-44BB-A40E-6EAC6BE7017C}.Debug|Any CPU.Build.0 = Debug|Any CPU
		{28A0D2C5-705F-44BB-A40E-6EAC6BE7017C}.Release|Any CPU.ActiveCfg = Release|Any CPU
		{28A0D2C5-705F-44BB-A40E-6EAC6BE7017C}.Release|Any CPU.Build.0 = Release|Any CPU
		{8D7C981F-A032-4C91-9C63-1A5594F286B8}.Debug|Any CPU.ActiveCfg = Debug|Any CPU
		{8D7C981F-A032-4C91-9C63-1A5594F286B8}.Debug|Any CPU.Build.0 = Debug|Any CPU
		{8D7C981F-A032-4C91-9C63-1A5594F286B8}.Release|Any CPU.ActiveCfg = Release|Any CPU
		{8D7C981F-A032-4C91-9C63-1A5594F286B8}.Release|Any CPU.Build.0 = Release|Any CPU
	EndGlobalSection
	GlobalSection(SolutionProperties) = preSolution
		HideSolutionNode = FALSE
	EndGlobalSection
	GlobalSection(ExtensibilityGlobals) = postSolution
		SolutionGuid = {20FEB7DD-2243-44BD-8662-4BE52C9CE8DE}
	EndGlobalSection
EndGlobal
